
Microsoft Visual Studio Solution File, Format Version 12.00
# Visual Studio Version 16
VisualStudioVersion = 16.0.29609.76
MinimumVisualStudioVersion = 10.0.40219.1
Project("{9A19103F-16F7-4668-BE54-9A1E7A4F7556}") = "Ray.Infrastructure", "Ray.Infrastructure\Ray.Infrastructure.csproj", "{742D2D87-C968-4652-A327-824CE6070530}"
EndProject
Project("{9A19103F-16F7-4668-BE54-9A1E7A4F7556}") = "Ray.EssayNotes.Di.Further", "Ray.EssayNotes.Di.Further\Ray.EssayNotes.Di.Further.csproj", "{47D6C0AE-53D5-4780-B399-FCC3CDD2F847}"
EndProject
Global
	GlobalSection(SolutionConfigurationPlatforms) = preSolution
		Debug|Any CPU = Debug|Any CPU
		Release|Any CPU = Release|Any CPU
	EndGlobalSection
	GlobalSection(ProjectConfigurationPlatforms) = postSolution
		{742D2D87-C968-4652-A327-824CE6070530}.Debug|Any CPU.ActiveCfg = Debug|Any CPU
		{742D2D87-C968-4652-A327-824CE6070530}.Debug|Any CPU.Build.0 = Debug|Any CPU
		{742D2D87-C968-4652-A327-824CE6070530}.Release|Any CPU.ActiveCfg = Release|Any CPU
		{742D2D87-C968-4652-A327-824CE6070530}.Release|Any CPU.Build.0 = Release|Any CPU
		{47D6C0AE-53D5-4780-B399-FCC3CDD2F847}.Debug|Any CPU.ActiveCfg = Debug|Any CPU
		{47D6C0AE-53D5-4780-B399-FCC3CDD2F847}.Debug|Any CPU.Build.0 = Debug|Any CPU
		{47D6C0AE-53D5-4780-B399-FCC3CDD2F847}.Release|Any CPU.ActiveCfg = Release|Any CPU
		{47D6C0AE-53D5-4780-B399-FCC3CDD2F847}.Release|Any CPU.Build.0 = Release|Any CPU
	EndGlobalSection
	GlobalSection(SolutionProperties) = preSolution
		HideSolutionNode = FALSE
	EndGlobalSection
	GlobalSection(ExtensibilityGlobals) = postSolution
		SolutionGuid = {212D6F2E-8D37-4D18-969B-3034CCE7526E}
	EndGlobalSection
EndGlobal
