
Microsoft Visual Studio Solution File, Format Version 12.00
# Visual Studio Version 16
VisualStudioVersion = 16.0.29609.76
MinimumVisualStudioVersion = 10.0.40219.1
Project("{9A19103F-16F7-4668-BE54-9A1E7A4F7556}") = "Ray.EssayNotes.Di.ScopeAndDisposableDemo", "Ray.EssayNotes.Di.ScopeAndDisposableDemo\Ray.EssayNotes.Di.ScopeAndDisposableDemo.csproj", "{E4DD8AC4-6247-4B80-AE92-FBFA314F7962}"
EndProject
Project("{9A19103F-16F7-4668-BE54-9A1E7A4F7556}") = "Ray.Infrastructure", "Ray.Infrastructure\Ray.Infrastructure.csproj", "{D37F59F3-D29D-4D33-B14F-E5312B6862E0}"
EndProject
Global
	GlobalSection(SolutionConfigurationPlatforms) = preSolution
		Debug|Any CPU = Debug|Any CPU
		Release|Any CPU = Release|Any CPU
	EndGlobalSection
	GlobalSection(ProjectConfigurationPlatforms) = postSolution
		{E4DD8AC4-6247-4B80-AE92-FBFA314F7962}.Debug|Any CPU.ActiveCfg = Debug|Any CPU
		{E4DD8AC4-6247-4B80-AE92-FBFA314F7962}.Debug|Any CPU.Build.0 = Debug|Any CPU
		{E4DD8AC4-6247-4B80-AE92-FBFA314F7962}.Release|Any CPU.ActiveCfg = Release|Any CPU
		{E4DD8AC4-6247-4B80-AE92-FBFA314F7962}.Release|Any CPU.Build.0 = Release|Any CPU
		{D37F59F3-D29D-4D33-B14F-E5312B6862E0}.Debug|Any CPU.ActiveCfg = Debug|Any CPU
		{D37F59F3-D29D-4D33-B14F-E5312B6862E0}.Debug|Any CPU.Build.0 = Debug|Any CPU
		{D37F59F3-D29D-4D33-B14F-E5312B6862E0}.Release|Any CPU.ActiveCfg = Release|Any CPU
		{D37F59F3-D29D-4D33-B14F-E5312B6862E0}.Release|Any CPU.Build.0 = Release|Any CPU
	EndGlobalSection
	GlobalSection(SolutionProperties) = preSolution
		HideSolutionNode = FALSE
	EndGlobalSection
	GlobalSection(ExtensibilityGlobals) = postSolution
		SolutionGuid = {54FC583C-FAE8-41E0-98B7-5B02767D5BEE}
	EndGlobalSection
EndGlobal
