
Microsoft Visual Studio Solution File, Format Version 12.00
# Visual Studio Version 16
VisualStudioVersion = 16.0.29920.165
MinimumVisualStudioVersion = 10.0.40219.1
Project("{9A19103F-16F7-4668-BE54-9A1E7A4F7556}") = "Ray.EssayNotes.Di.DiDemo", "Ray.EssayNotes.Di.DiDemo\Ray.EssayNotes.Di.DiDemo.csproj", "{DBB165F0-B1E3-44AD-9394-C68155C94D44}"
EndProject
Global
	GlobalSection(SolutionConfigurationPlatforms) = preSolution
		Debug|Any CPU = Debug|Any CPU
		Release|Any CPU = Release|Any CPU
	EndGlobalSection
	GlobalSection(ProjectConfigurationPlatforms) = postSolution
		{DBB165F0-B1E3-44AD-9394-C68155C94D44}.Debug|Any CPU.ActiveCfg = Debug|Any CPU
		{DBB165F0-B1E3-44AD-9394-C68155C94D44}.Debug|Any CPU.Build.0 = Debug|Any CPU
		{DBB165F0-B1E3-44AD-9394-C68155C94D44}.Release|Any CPU.ActiveCfg = Release|Any CPU
		{DBB165F0-B1E3-44AD-9394-C68155C94D44}.Release|Any CPU.Build.0 = Release|Any CPU
	EndGlobalSection
	GlobalSection(SolutionProperties) = preSolution
		HideSolutionNode = FALSE
	EndGlobalSection
	GlobalSection(ExtensibilityGlobals) = postSolution
		SolutionGuid = {C349A0E1-5423-493B-9665-45783C9D5203}
	EndGlobalSection
EndGlobal
